
Microsoft Visual Studio Solution File, Format Version 12.00
# Visual Studio 15
VisualStudioVersion = 15.0.27004.2010
MinimumVisualStudioVersion = 10.0.40219.1
Project("{FAE04EC0-301F-11D3-BF4B-00C04F79EFBC}") = "NppPlugin.Host", "NppPlugin.Host.csproj", "{FFD87B89-DE2E-4BD9-AB06-F1F58AF8C252}"
EndProject
Global
	GlobalSection(SolutionConfigurationPlatforms) = preSolution
		Debug|Any CPU = Debug|Any CPU
		Debug|x64 = Debug|x64
		Debug|x86 = Debug|x86
		Release|Any CPU = Release|Any CPU
		Release|x64 = Release|x64
		Release|x86 = Release|x86
	EndGlobalSection
	GlobalSection(ProjectConfigurationPlatforms) = postSolution
		{FFD87B89-DE2E-4BD9-AB06-F1F58AF8C252}.Debug|Any CPU.ActiveCfg = Debug|Any CPU
		{FFD87B89-DE2E-4BD9-AB06-F1F58AF8C252}.Debug|Any CPU.Build.0 = Debug|Any CPU
		{FFD87B89-DE2E-4BD9-AB06-F1F58AF8C252}.Debug|x64.ActiveCfg = Debug|x64
		{FFD87B89-DE2E-4BD9-AB06-F1F58AF8C252}.Debug|x64.Build.0 = Debug|x64
		{FFD87B89-DE2E-4BD9-AB06-F1F58AF8C252}.Debug|x86.ActiveCfg = Debug|x86
		{FFD87B89-DE2E-4BD9-AB06-F1F58AF8C252}.Debug|x86.Build.0 = Debug|x86
		{FFD87B89-DE2E-4BD9-AB06-F1F58AF8C252}.Release|Any CPU.ActiveCfg = Release|Any CPU
		{FFD87B89-DE2E-4BD9-AB06-F1F58AF8C252}.Release|Any CPU.Build.0 = Release|Any CPU
		{FFD87B89-DE2E-4BD9-AB06-F1F58AF8C252}.Release|x64.ActiveCfg = Release|x64
		{FFD87B89-DE2E-4BD9-AB06-F1F58AF8C252}.Release|x64.Build.0 = Release|x64
		{FFD87B89-DE2E-4BD9-AB06-F1F58AF8C252}.Release|x86.ActiveCfg = Release|x86
		{FFD87B89-DE2E-4BD9-AB06-F1F58AF8C252}.Release|x86.Build.0 = Release|x86
	EndGlobalSection
	GlobalSection(SolutionProperties) = preSolution
		HideSolutionNode = FALSE
	EndGlobalSection
	GlobalSection(ExtensibilityGlobals) = postSolution
		SolutionGuid = {C85754FE-054D-4E32-9CFE-8B4866FDDCA8}
	EndGlobalSection
EndGlobal
