
Microsoft Visual Studio Solution File, Format Version 12.00
# Visual Studio 14
VisualStudioVersion = 14.0.25123.0
MinimumVisualStudioVersion = 10.0.40219.1
Project("{FAE04EC0-301F-11D3-BF4B-00C04F79EFBC}") = "CSScriptNpp", "CSScriptNpp\CSScriptNpp.csproj", "{23B08B10-8297-4A90-9B6D-43DAC7416004}"
	ProjectSection(ProjectDependencies) = postProject
		{A2272B4F-44F6-4FB2-86A0-3EC99C0947F7} = {A2272B4F-44F6-4FB2-86A0-3EC99C0947F7}
		{4A203371-731B-4CEF-97C5-12529B8C6744} = {4A203371-731B-4CEF-97C5-12529B8C6744}
		{8860B29B-749F-4925-86C8-F9C4B93C9DA5} = {8860B29B-749F-4925-86C8-F9C4B93C9DA5}
		{EB8FC3A3-93E8-457B-B281-FAFA5119611A} = {EB8FC3A3-93E8-457B-B281-FAFA5119611A}
		{747199C1-862A-46E8-B7B3-3C692DD6EED5} = {747199C1-862A-46E8-B7B3-3C692DD6EED5}
		{317C72CD-8ED9-4C5D-8BF5-C7DEE7128AF1} = {317C72CD-8ED9-4C5D-8BF5-C7DEE7128AF1}
		{E0A601D8-5E4F-4119-BEC1-C7F1E46C1F9F} = {E0A601D8-5E4F-4119-BEC1-C7F1E46C1F9F}
		{339F59DB-C481-4CBB-90A5-EB1B97E807CD} = {339F59DB-C481-4CBB-90A5-EB1B97E807CD}
	EndProjectSection
EndProject
Project("{2150E333-8FDC-42A3-9474-1A3956D46DE8}") = "Solution Items", "Solution Items", "{C1911DCC-6B6A-44AE-948D-8CB0A311C73C}"
	ProjectSection(SolutionItems) = preProject
		AgregateReleaseItems.cmd = AgregateReleaseItems.cmd
		CopyDebugToNpp.cmd = CopyDebugToNpp.cmd
	EndProjectSection
EndProject
Project("{FAE04EC0-301F-11D3-BF4B-00C04F79EFBC}") = "DbMon", "DbMon\DbMon.csproj", "{A2272B4F-44F6-4FB2-86A0-3EC99C0947F7}"
EndProject
Project("{FAE04EC0-301F-11D3-BF4B-00C04F79EFBC}") = "ConsoleHost", "ConsoleHost\ConsoleHost.csproj", "{E0A601D8-5E4F-4119-BEC1-C7F1E46C1F9F}"
EndProject
Project("{FAE04EC0-301F-11D3-BF4B-00C04F79EFBC}") = "CSScriptIntellisense", "CSScriptIntellisense\CSScriptIntellisense.csproj", "{EB8FC3A3-93E8-457B-B281-FAFA5119611A}"
EndProject
Project("{2150E333-8FDC-42A3-9474-1A3956D46DE8}") = "Utils", "Utils", "{6511E162-0DBC-4C78-AD15-F64775B641CC}"
EndProject
Project("{FAE04EC0-301F-11D3-BF4B-00C04F79EFBC}") = "CSScriptNpp.Test", "CSScriptNpp.Test\CSScriptNpp.Test.csproj", "{18BD025F-2BE5-44AF-8E6C-7783C9901002}"
	ProjectSection(ProjectDependencies) = postProject
		{23B08B10-8297-4A90-9B6D-43DAC7416004} = {23B08B10-8297-4A90-9B6D-43DAC7416004}
	EndProjectSection
EndProject
Project("{FAE04EC0-301F-11D3-BF4B-00C04F79EFBC}") = "Testpad", "Testpad\Testpad.csproj", "{607700D5-8BFC-4A1F-A2DE-4E2B3125D23A}"
	ProjectSection(ProjectDependencies) = postProject
		{4A203371-731B-4CEF-97C5-12529B8C6744} = {4A203371-731B-4CEF-97C5-12529B8C6744}
		{747199C1-862A-46E8-B7B3-3C692DD6EED5} = {747199C1-862A-46E8-B7B3-3C692DD6EED5}
	EndProjectSection
EndProject
Project("{FAE04EC0-301F-11D3-BF4B-00C04F79EFBC}") = "css_dbg", "css_dbg\css_dbg.csproj", "{8860B29B-749F-4925-86C8-F9C4B93C9DA5}"
EndProject
Project("{FAE04EC0-301F-11D3-BF4B-00C04F79EFBC}") = "npp", "npp\npp.csproj", "{317C72CD-8ED9-4C5D-8BF5-C7DEE7128AF1}"
EndProject
Project("{FAE04EC0-301F-11D3-BF4B-00C04F79EFBC}") = "Updater", "Updater\Updater.csproj", "{C5941F6E-41FB-4059-AD2E-CAF744A9C3D3}"
EndProject
Project("{FAE04EC0-301F-11D3-BF4B-00C04F79EFBC}") = "mdbghost32", "mdbghost\mdbghost32.csproj", "{747199C1-862A-46E8-B7B3-3C692DD6EED5}"
EndProject
Project("{FAE04EC0-301F-11D3-BF4B-00C04F79EFBC}") = "mdbghost64", "mdbghost\mdbghost64.csproj", "{4A203371-731B-4CEF-97C5-12529B8C6744}"
EndProject
Project("{FAE04EC0-301F-11D3-BF4B-00C04F79EFBC}") = "npp_jit", "npp_jit\npp_jit.csproj", "{A3661C7F-E278-40A1-86C2-C2AF66877DB0}"
EndProject
Project("{FAE04EC0-301F-11D3-BF4B-00C04F79EFBC}") = "DbgAgent", "DbgAgent\DbgAgent.csproj", "{339F59DB-C481-4CBB-90A5-EB1B97E807CD}"
EndProject
Project("{2150E333-8FDC-42A3-9474-1A3956D46DE8}") = ".nuget", ".nuget", "{6AE1E6E4-722D-446D-B955-3140CBCF5650}"
	ProjectSection(SolutionItems) = preProject
		.nuget\packages.config = .nuget\packages.config
	EndProjectSection
EndProject
Project("{FAE04EC0-301F-11D3-BF4B-00C04F79EFBC}") = "Formatter", "Formatter\Formatter.csproj", "{87812442-8682-4B82-97FF-A0E2B96FEF7E}"
EndProject
Project("{FAE04EC0-301F-11D3-BF4B-00C04F79EFBC}") = "Roslyn.Intellisense", "Roslyn.Intellisesne\Roslyn.Intellisense\Roslyn.Intellisense.csproj", "{68062B6A-67E4-459D-9A42-97E798356C6E}"
EndProject
Project("{FAE04EC0-301F-11D3-BF4B-00C04F79EFBC}") = "Intellisense.Common", "Intellisense.Interface\Intellisense.Common.csproj", "{C67D7ED7-F350-4FD4-81B5-5E635FB08765}"
EndProject
Project("{FAE04EC0-301F-11D3-BF4B-00C04F79EFBC}") = "CompatibilityTest", "CompatibilityTest\CompatibilityTest.csproj", "{6D4EE83C-2F38-4BB0-A60F-3B86B07E03AF}"
EndProject
Global
	GlobalSection(SolutionConfigurationPlatforms) = preSolution
		Debug|Any CPU = Debug|Any CPU
		Release|Any CPU = Release|Any CPU
	EndGlobalSection
	GlobalSection(ProjectConfigurationPlatforms) = postSolution
		{23B08B10-8297-4A90-9B6D-43DAC7416004}.Debug|Any CPU.ActiveCfg = Debug|Any CPU
		{23B08B10-8297-4A90-9B6D-43DAC7416004}.Debug|Any CPU.Build.0 = Debug|Any CPU
		{23B08B10-8297-4A90-9B6D-43DAC7416004}.Release|Any CPU.ActiveCfg = Release|Any CPU
		{23B08B10-8297-4A90-9B6D-43DAC7416004}.Release|Any CPU.Build.0 = Release|Any CPU
		{A2272B4F-44F6-4FB2-86A0-3EC99C0947F7}.Debug|Any CPU.ActiveCfg = Debug|Any CPU
		{A2272B4F-44F6-4FB2-86A0-3EC99C0947F7}.Debug|Any CPU.Build.0 = Debug|Any CPU
		{A2272B4F-44F6-4FB2-86A0-3EC99C0947F7}.Release|Any CPU.ActiveCfg = Release|Any CPU
		{A2272B4F-44F6-4FB2-86A0-3EC99C0947F7}.Release|Any CPU.Build.0 = Release|Any CPU
		{E0A601D8-5E4F-4119-BEC1-C7F1E46C1F9F}.Debug|Any CPU.ActiveCfg = Debug|Any CPU
		{E0A601D8-5E4F-4119-BEC1-C7F1E46C1F9F}.Debug|Any CPU.Build.0 = Debug|Any CPU
		{E0A601D8-5E4F-4119-BEC1-C7F1E46C1F9F}.Release|Any CPU.ActiveCfg = Release|Any CPU
		{E0A601D8-5E4F-4119-BEC1-C7F1E46C1F9F}.Release|Any CPU.Build.0 = Release|Any CPU
		{EB8FC3A3-93E8-457B-B281-FAFA5119611A}.Debug|Any CPU.ActiveCfg = Debug|Any CPU
		{EB8FC3A3-93E8-457B-B281-FAFA5119611A}.Debug|Any CPU.Build.0 = Debug|Any CPU
		{EB8FC3A3-93E8-457B-B281-FAFA5119611A}.Release|Any CPU.ActiveCfg = Release|Any CPU
		{EB8FC3A3-93E8-457B-B281-FAFA5119611A}.Release|Any CPU.Build.0 = Release|Any CPU
		{18BD025F-2BE5-44AF-8E6C-7783C9901002}.Debug|Any CPU.ActiveCfg = Debug|Any CPU
		{18BD025F-2BE5-44AF-8E6C-7783C9901002}.Debug|Any CPU.Build.0 = Debug|Any CPU
		{18BD025F-2BE5-44AF-8E6C-7783C9901002}.Release|Any CPU.ActiveCfg = Release|Any CPU
		{18BD025F-2BE5-44AF-8E6C-7783C9901002}.Release|Any CPU.Build.0 = Release|Any CPU
		{607700D5-8BFC-4A1F-A2DE-4E2B3125D23A}.Debug|Any CPU.ActiveCfg = Debug|Any CPU
		{607700D5-8BFC-4A1F-A2DE-4E2B3125D23A}.Debug|Any CPU.Build.0 = Debug|Any CPU
		{607700D5-8BFC-4A1F-A2DE-4E2B3125D23A}.Release|Any CPU.ActiveCfg = Release|Any CPU
		{607700D5-8BFC-4A1F-A2DE-4E2B3125D23A}.Release|Any CPU.Build.0 = Release|Any CPU
		{8860B29B-749F-4925-86C8-F9C4B93C9DA5}.Debug|Any CPU.ActiveCfg = Debug|Any CPU
		{8860B29B-749F-4925-86C8-F9C4B93C9DA5}.Debug|Any CPU.Build.0 = Debug|Any CPU
		{8860B29B-749F-4925-86C8-F9C4B93C9DA5}.Release|Any CPU.ActiveCfg = Debug|Any CPU
		{8860B29B-749F-4925-86C8-F9C4B93C9DA5}.Release|Any CPU.Build.0 = Debug|Any CPU
		{317C72CD-8ED9-4C5D-8BF5-C7DEE7128AF1}.Debug|Any CPU.ActiveCfg = Debug|Any CPU
		{317C72CD-8ED9-4C5D-8BF5-C7DEE7128AF1}.Debug|Any CPU.Build.0 = Debug|Any CPU
		{317C72CD-8ED9-4C5D-8BF5-C7DEE7128AF1}.Release|Any CPU.ActiveCfg = Release|Any CPU
		{317C72CD-8ED9-4C5D-8BF5-C7DEE7128AF1}.Release|Any CPU.Build.0 = Release|Any CPU
		{C5941F6E-41FB-4059-AD2E-CAF744A9C3D3}.Debug|Any CPU.ActiveCfg = Debug|Any CPU
		{C5941F6E-41FB-4059-AD2E-CAF744A9C3D3}.Debug|Any CPU.Build.0 = Debug|Any CPU
		{C5941F6E-41FB-4059-AD2E-CAF744A9C3D3}.Release|Any CPU.ActiveCfg = Release|Any CPU
		{C5941F6E-41FB-4059-AD2E-CAF744A9C3D3}.Release|Any CPU.Build.0 = Release|Any CPU
		{747199C1-862A-46E8-B7B3-3C692DD6EED5}.Debug|Any CPU.ActiveCfg = Release|Any CPU
		{747199C1-862A-46E8-B7B3-3C692DD6EED5}.Debug|Any CPU.Build.0 = Release|Any CPU
		{747199C1-862A-46E8-B7B3-3C692DD6EED5}.Release|Any CPU.ActiveCfg = Release|Any CPU
		{747199C1-862A-46E8-B7B3-3C692DD6EED5}.Release|Any CPU.Build.0 = Release|Any CPU
		{4A203371-731B-4CEF-97C5-12529B8C6744}.Debug|Any CPU.ActiveCfg = Release|Any CPU
		{4A203371-731B-4CEF-97C5-12529B8C6744}.Debug|Any CPU.Build.0 = Release|Any CPU
		{4A203371-731B-4CEF-97C5-12529B8C6744}.Release|Any CPU.ActiveCfg = Release|Any CPU
		{4A203371-731B-4CEF-97C5-12529B8C6744}.Release|Any CPU.Build.0 = Release|Any CPU
		{A3661C7F-E278-40A1-86C2-C2AF66877DB0}.Debug|Any CPU.ActiveCfg = Debug|Any CPU
		{A3661C7F-E278-40A1-86C2-C2AF66877DB0}.Debug|Any CPU.Build.0 = Debug|Any CPU
		{A3661C7F-E278-40A1-86C2-C2AF66877DB0}.Release|Any CPU.ActiveCfg = Release|Any CPU
		{A3661C7F-E278-40A1-86C2-C2AF66877DB0}.Release|Any CPU.Build.0 = Release|Any CPU
		{339F59DB-C481-4CBB-90A5-EB1B97E807CD}.Debug|Any CPU.ActiveCfg = Debug|Any CPU
		{339F59DB-C481-4CBB-90A5-EB1B97E807CD}.Debug|Any CPU.Build.0 = Debug|Any CPU
		{339F59DB-C481-4CBB-90A5-EB1B97E807CD}.Release|Any CPU.ActiveCfg = Release|Any CPU
		{339F59DB-C481-4CBB-90A5-EB1B97E807CD}.Release|Any CPU.Build.0 = Release|Any CPU
		{87812442-8682-4B82-97FF-A0E2B96FEF7E}.Debug|Any CPU.ActiveCfg = Debug|Any CPU
		{87812442-8682-4B82-97FF-A0E2B96FEF7E}.Debug|Any CPU.Build.0 = Debug|Any CPU
		{87812442-8682-4B82-97FF-A0E2B96FEF7E}.Release|Any CPU.ActiveCfg = Release|Any CPU
		{87812442-8682-4B82-97FF-A0E2B96FEF7E}.Release|Any CPU.Build.0 = Release|Any CPU
		{68062B6A-67E4-459D-9A42-97E798356C6E}.Debug|Any CPU.ActiveCfg = Debug|Any CPU
		{68062B6A-67E4-459D-9A42-97E798356C6E}.Debug|Any CPU.Build.0 = Debug|Any CPU
		{68062B6A-67E4-459D-9A42-97E798356C6E}.Release|Any CPU.ActiveCfg = Release|Any CPU
		{68062B6A-67E4-459D-9A42-97E798356C6E}.Release|Any CPU.Build.0 = Release|Any CPU
		{C67D7ED7-F350-4FD4-81B5-5E635FB08765}.Debug|Any CPU.ActiveCfg = Debug|Any CPU
		{C67D7ED7-F350-4FD4-81B5-5E635FB08765}.Debug|Any CPU.Build.0 = Debug|Any CPU
		{C67D7ED7-F350-4FD4-81B5-5E635FB08765}.Release|Any CPU.ActiveCfg = Release|Any CPU
		{C67D7ED7-F350-4FD4-81B5-5E635FB08765}.Release|Any CPU.Build.0 = Release|Any CPU
		{6D4EE83C-2F38-4BB0-A60F-3B86B07E03AF}.Debug|Any CPU.ActiveCfg = Debug|Any CPU
		{6D4EE83C-2F38-4BB0-A60F-3B86B07E03AF}.Debug|Any CPU.Build.0 = Debug|Any CPU
		{6D4EE83C-2F38-4BB0-A60F-3B86B07E03AF}.Release|Any CPU.ActiveCfg = Release|Any CPU
		{6D4EE83C-2F38-4BB0-A60F-3B86B07E03AF}.Release|Any CPU.Build.0 = Release|Any CPU
	EndGlobalSection
	GlobalSection(SolutionProperties) = preSolution
		HideSolutionNode = FALSE
	EndGlobalSection
	GlobalSection(NestedProjects) = preSolution
		{A2272B4F-44F6-4FB2-86A0-3EC99C0947F7} = {6511E162-0DBC-4C78-AD15-F64775B641CC}
		{E0A601D8-5E4F-4119-BEC1-C7F1E46C1F9F} = {6511E162-0DBC-4C78-AD15-F64775B641CC}
		{8860B29B-749F-4925-86C8-F9C4B93C9DA5} = {6511E162-0DBC-4C78-AD15-F64775B641CC}
		{317C72CD-8ED9-4C5D-8BF5-C7DEE7128AF1} = {6511E162-0DBC-4C78-AD15-F64775B641CC}
		{C5941F6E-41FB-4059-AD2E-CAF744A9C3D3} = {6511E162-0DBC-4C78-AD15-F64775B641CC}
		{747199C1-862A-46E8-B7B3-3C692DD6EED5} = {6511E162-0DBC-4C78-AD15-F64775B641CC}
		{4A203371-731B-4CEF-97C5-12529B8C6744} = {6511E162-0DBC-4C78-AD15-F64775B641CC}
		{A3661C7F-E278-40A1-86C2-C2AF66877DB0} = {6511E162-0DBC-4C78-AD15-F64775B641CC}
		{339F59DB-C481-4CBB-90A5-EB1B97E807CD} = {6511E162-0DBC-4C78-AD15-F64775B641CC}
		{87812442-8682-4B82-97FF-A0E2B96FEF7E} = {6511E162-0DBC-4C78-AD15-F64775B641CC}
		{68062B6A-67E4-459D-9A42-97E798356C6E} = {6511E162-0DBC-4C78-AD15-F64775B641CC}
		{C67D7ED7-F350-4FD4-81B5-5E635FB08765} = {6511E162-0DBC-4C78-AD15-F64775B641CC}
		{6D4EE83C-2F38-4BB0-A60F-3B86B07E03AF} = {6511E162-0DBC-4C78-AD15-F64775B641CC}
	EndGlobalSection
EndGlobal
